# This file is automatically @generated by Cargo.
# It is not intended for manual editing.
version = 4

[[package]]
name = "amd-core-tools"
version = "0.1.0"
dependencies = [
 "amd-cpuid",
 "amd-exec-protect",
 "amd-legacy",
 "amd-perf",
 "amd-rng",
 "amd-sev",
 "amd-virt",
]

[[package]]
name = "amd-cpuid"
version = "0.1.0"

[[package]]
name = "amd-exec-protect"
version = "0.1.0"

[[package]]
name = "amd-legacy"
version = "0.1.0"

[[package]]
name = "amd-perf"
version = "0.1.0"

[[package]]
name = "amd-rng"
version = "0.1.0"

[[package]]
name = "amd-sev"
version = "0.1.0"
dependencies = [
 "bitflags",
]

[[package]]
name = "amd-virt"
version = "0.1.0"

[[package]]
name = "bitflags"
version = "2.13.0"
source = "registry+https://github.com/rust-lang/crates.io-index"
checksum = "b4388bee8683e3d04af747c73422af53102d2bd24d9eadb6cbc100baef4b43f8"
